{
  "mojo_version": "0.26.1",
  "packages": [
    {
      "name": "arrow",
      "version": "1.1.2",
      "source_url": "https://github.com/Mosaad-M/arrow/archive/refs/tags/v1.1.2.tar.gz",
      "sha256": "6e689fcb3b1d6263187cf32f48eec098022b39de70e5e450453d0d87e5143ebb",
      "install_path": "/Users/myronmosaad/.mojo/packages/arrow/1.1.2"
    },
    {
      "name": "flatbuffers",
      "version": "1.1.1",
      "source_url": "https://github.com/Mosaad-M/flatbuffers/archive/refs/tags/v1.1.1.tar.gz",
      "sha256": "537372df13c53825c3caa5613f9de79c86c9f12ba0e77e80823a1b4db7d28f82",
      "install_path": "/Users/myronmosaad/.mojo/packages/flatbuffers/1.1.1"
    }
  ]
}
